
Microsoft Visual Studio Solution File, Format Version 12.00
# Visual Studio Version 17
VisualStudioVersion = 17.1.32421.90
MinimumVisualStudioVersion = 10.0.40219.1
Project("{FAE04EC0-301F-11D3-BF4B-00C04F79EFBC}") = "TSPP", "TSPP\TSPP.csproj", "{723DBE94-72AD-4EDF-8017-5EA898599A08}"
EndProject
Global
	GlobalSection(SolutionConfigurationPlatforms) = preSolution
		Debug|Any CPU = Debug|Any CPU
		Debug|x64 = Debug|x64
		Release|Any CPU = Release|Any CPU
		Release|x64 = Release|x64
		Test|Any CPU = Test|Any CPU
		Test|x64 = Test|x64
	EndGlobalSection
	GlobalSection(ProjectConfigurationPlatforms) = postSolution
		{723DBE94-72AD-4EDF-8017-5EA898599A08}.Debug|Any CPU.ActiveCfg = Debug|Any CPU
		{723DBE94-72AD-4EDF-8017-5EA898599A08}.Debug|Any CPU.Build.0 = Debug|Any CPU
		{723DBE94-72AD-4EDF-8017-5EA898599A08}.Debug|x64.ActiveCfg = Debug|Any CPU
		{723DBE94-72AD-4EDF-8017-5EA898599A08}.Debug|x64.Build.0 = Debug|Any CPU
		{723DBE94-72AD-4EDF-8017-5EA898599A08}.Release|Any CPU.ActiveCfg = Release|Any CPU
		{723DBE94-72AD-4EDF-8017-5EA898599A08}.Release|Any CPU.Build.0 = Release|Any CPU
		{723DBE94-72AD-4EDF-8017-5EA898599A08}.Release|x64.ActiveCfg = Release|x64
		{723DBE94-72AD-4EDF-8017-5EA898599A08}.Release|x64.Build.0 = Release|x64
		{723DBE94-72AD-4EDF-8017-5EA898599A08}.Test|Any CPU.ActiveCfg = Test|Any CPU
		{723DBE94-72AD-4EDF-8017-5EA898599A08}.Test|Any CPU.Build.0 = Test|Any CPU
		{723DBE94-72AD-4EDF-8017-5EA898599A08}.Test|x64.ActiveCfg = Test|x64
		{723DBE94-72AD-4EDF-8017-5EA898599A08}.Test|x64.Build.0 = Test|x64
	EndGlobalSection
	GlobalSection(SolutionProperties) = preSolution
		HideSolutionNode = FALSE
	EndGlobalSection
	GlobalSection(ExtensibilityGlobals) = postSolution
		SolutionGuid = {DD386555-5BBB-48B3-B647-AD8CF921382F}
	EndGlobalSection
EndGlobal
